
Microsoft Visual Studio Solution File, Format Version 11.00
# Visual Studio 2010
Project("{FAE04EC0-301F-11D3-BF4B-00C04F79EFBC}") = "Projekt_gra", "Assembly-CSharp.csproj", "{4101821E-B00E-19AF-F6B6-4DBC38FB9D63}"
EndProject
Global
	GlobalSection(SolutionConfigurationPlatforms) = preSolution
		Debug|Any CPU = Debug|Any CPU
		Release|Any CPU = Release|Any CPU
	EndGlobalSection
	GlobalSection(ProjectConfigurationPlatforms) = postSolution
		{4101821E-B00E-19AF-F6B6-4DBC38FB9D63}.Debug|Any CPU.ActiveCfg = Debug|Any CPU
		{4101821E-B00E-19AF-F6B6-4DBC38FB9D63}.Debug|Any CPU.Build.0 = Debug|Any CPU
		{4101821E-B00E-19AF-F6B6-4DBC38FB9D63}.Release|Any CPU.ActiveCfg = Release|Any CPU
		{4101821E-B00E-19AF-F6B6-4DBC38FB9D63}.Release|Any CPU.Build.0 = Release|Any CPU
	EndGlobalSection
	GlobalSection(SolutionProperties) = preSolution
		HideSolutionNode = FALSE
	EndGlobalSection
	GlobalSection(MonoDevelopProperties) = preSolution
		StartupItem = Assembly-CSharp.csproj
	EndGlobalSection
EndGlobal
